
Microsoft Visual Studio Solution File, Format Version 12.00
# Visual Studio Version 17
VisualStudioVersion = 17.7.34031.279
MinimumVisualStudioVersion = 10.0.40219.1
Project("{FAE04EC0-301F-11D3-BF4B-00C04F79EFBC}") = "Promee_Prototype2", "Promee_Prototype2\Promee_Prototype2.csproj", "{4BAFE719-E64D-4FD0-9C7A-284FD9D5FE2A}"
EndProject
Global
	GlobalSection(SolutionConfigurationPlatforms) = preSolution
		Debug|Any CPU = Debug|Any CPU
		Release|Any CPU = Release|Any CPU
	EndGlobalSection
	GlobalSection(ProjectConfigurationPlatforms) = postSolution
		{4BAFE719-E64D-4FD0-9C7A-284FD9D5FE2A}.Debug|Any CPU.ActiveCfg = Debug|Any CPU
		{4BAFE719-E64D-4FD0-9C7A-284FD9D5FE2A}.Debug|Any CPU.Build.0 = Debug|Any CPU
		{4BAFE719-E64D-4FD0-9C7A-284FD9D5FE2A}.Debug|Any CPU.Deploy.0 = Debug|Any CPU
		{4BAFE719-E64D-4FD0-9C7A-284FD9D5FE2A}.Release|Any CPU.ActiveCfg = Release|Any CPU
		{4BAFE719-E64D-4FD0-9C7A-284FD9D5FE2A}.Release|Any CPU.Build.0 = Release|Any CPU
		{4BAFE719-E64D-4FD0-9C7A-284FD9D5FE2A}.Release|Any CPU.Deploy.0 = Release|Any CPU
	EndGlobalSection
	GlobalSection(SolutionProperties) = preSolution
		HideSolutionNode = FALSE
	EndGlobalSection
	GlobalSection(ExtensibilityGlobals) = postSolution
		SolutionGuid = {FBEF4CF7-6B44-43A8-8F64-1B510FB31D0A}
	EndGlobalSection
EndGlobal
